// !$*UTF8*$!
{
	archiveVersion = 1;
	classes = {
	};
	objectVersion = 56;
	objects = {

/* Begin PBXBuildFile section */
		D20D0CB22B0E797C00DC1109 /* RootView.swift in Sources */ = {isa = PBXBuildFile; fileRef = D20D0CB12B0E797C00DC1109 /* RootView.swift */; };
		D20D0CB42B0E7C2700DC1109 /* SettingsView.swift in Sources */ = {isa = PBXBuildFile; fileRef = D20D0CB32B0E7C2700DC1109 /* SettingsView.swift */; };
		D228AB9A2B17FAC60034E574 /* SettingViewModel.swift in Sources */ = {isa = PBXBuildFile; fileRef = D228AB992B17FAC60034E574 /* SettingViewModel.swift */; };
		D228ABA02B17FB990034E574 /* ProfileView.swift in Sources */ = {isa = PBXBuildFile; fileRef = D228AB9F2B17FB990034E574 /* ProfileView.swift */; };
		D228ABA22B17FE460034E574 /* FirstView.swift in Sources */ = {isa = PBXBuildFile; fileRef = D228ABA12B17FE460034E574 /* FirstView.swift */; };
		D25D64562B0A93C30014D33C /* GoogleService-Info.plist in Resources */ = {isa = PBXBuildFile; fileRef = D25D64552B0A93C30014D33C /* GoogleService-Info.plist */; };
		D25D64592B0A97BF0014D33C /* FirebaseAnalytics in Frameworks */ = {isa = PBXBuildFile; productRef = D25D64582B0A97BF0014D33C /* FirebaseAnalytics */; };
		D25D645B2B0A97BF0014D33C /* FirebaseAnalyticsOnDeviceConversion in Frameworks */ = {isa = PBXBuildFile; productRef = D25D645A2B0A97BF0014D33C /* FirebaseAnalyticsOnDeviceConversion */; };
		D25D645D2B0A97BF0014D33C /* FirebaseAnalyticsSwift in Frameworks */ = {isa = PBXBuildFile; productRef = D25D645C2B0A97BF0014D33C /* FirebaseAnalyticsSwift */; };
		D25D645F2B0A97BF0014D33C /* FirebaseAnalyticsWithoutAdIdSupport in Frameworks */ = {isa = PBXBuildFile; productRef = D25D645E2B0A97BF0014D33C /* FirebaseAnalyticsWithoutAdIdSupport */; };
		D25D64612B0A97BF0014D33C /* FirebaseAppCheck in Frameworks */ = {isa = PBXBuildFile; productRef = D25D64602B0A97BF0014D33C /* FirebaseAppCheck */; };
		D25D64632B0A97BF0014D33C /* FirebaseAppDistribution-Beta in Frameworks */ = {isa = PBXBuildFile; productRef = D25D64622B0A97BF0014D33C /* FirebaseAppDistribution-Beta */; };
		D25D64652B0A97BF0014D33C /* FirebaseAuth in Frameworks */ = {isa = PBXBuildFile; productRef = D25D64642B0A97BF0014D33C /* FirebaseAuth */; };
		D25D64672B0A97BF0014D33C /* FirebaseAuthCombine-Community in Frameworks */ = {isa = PBXBuildFile; productRef = D25D64662B0A97BF0014D33C /* FirebaseAuthCombine-Community */; };
		D25D64692B0A97BF0014D33C /* FirebaseCrashlytics in Frameworks */ = {isa = PBXBuildFile; productRef = D25D64682B0A97BF0014D33C /* FirebaseCrashlytics */; };
		D25D646B2B0A97BF0014D33C /* FirebaseDatabase in Frameworks */ = {isa = PBXBuildFile; productRef = D25D646A2B0A97BF0014D33C /* FirebaseDatabase */; };
		D25D646D2B0A97BF0014D33C /* FirebaseDatabaseSwift in Frameworks */ = {isa = PBXBuildFile; productRef = D25D646C2B0A97BF0014D33C /* FirebaseDatabaseSwift */; };
		D25D646F2B0A97BF0014D33C /* FirebaseDynamicLinks in Frameworks */ = {isa = PBXBuildFile; productRef = D25D646E2B0A97BF0014D33C /* FirebaseDynamicLinks */; };
		D25D64712B0A97BF0014D33C /* FirebaseFirestore in Frameworks */ = {isa = PBXBuildFile; productRef = D25D64702B0A97BF0014D33C /* FirebaseFirestore */; };
		D25D64732B0A97BF0014D33C /* FirebaseFirestoreCombine-Community in Frameworks */ = {isa = PBXBuildFile; productRef = D25D64722B0A97BF0014D33C /* FirebaseFirestoreCombine-Community */; };
		D25D64752B0A97BF0014D33C /* FirebaseFirestoreSwift in Frameworks */ = {isa = PBXBuildFile; productRef = D25D64742B0A97BF0014D33C /* FirebaseFirestoreSwift */; };
		D25D64772B0A97BF0014D33C /* FirebaseFunctions in Frameworks */ = {isa = PBXBuildFile; productRef = D25D64762B0A97BF0014D33C /* FirebaseFunctions */; };
		D25D64792B0A97BF0014D33C /* FirebaseFunctionsCombine-Community in Frameworks */ = {isa = PBXBuildFile; productRef = D25D64782B0A97BF0014D33C /* FirebaseFunctionsCombine-Community */; };
		D25D647B2B0A97BF0014D33C /* FirebaseInAppMessaging-Beta in Frameworks */ = {isa = PBXBuildFile; productRef = D25D647A2B0A97BF0014D33C /* FirebaseInAppMessaging-Beta */; };
		D25D647D2B0A97BF0014D33C /* FirebaseInAppMessagingSwift-Beta in Frameworks */ = {isa = PBXBuildFile; productRef = D25D647C2B0A97BF0014D33C /* FirebaseInAppMessagingSwift-Beta */; };
		D25D647F2B0A97BF0014D33C /* FirebaseInstallations in Frameworks */ = {isa = PBXBuildFile; productRef = D25D647E2B0A97BF0014D33C /* FirebaseInstallations */; };
		D25D64812B0A97BF0014D33C /* FirebaseMLModelDownloader in Frameworks */ = {isa = PBXBuildFile; productRef = D25D64802B0A97BF0014D33C /* FirebaseMLModelDownloader */; };
		D25D64832B0A97BF0014D33C /* FirebaseMessaging in Frameworks */ = {isa = PBXBuildFile; productRef = D25D64822B0A97BF0014D33C /* FirebaseMessaging */; };
		D25D64852B0A97BF0014D33C /* FirebasePerformance in Frameworks */ = {isa = PBXBuildFile; productRef = D25D64842B0A97BF0014D33C /* FirebasePerformance */; };
		D25D64872B0A97BF0014D33C /* FirebaseRemoteConfig in Frameworks */ = {isa = PBXBuildFile; productRef = D25D64862B0A97BF0014D33C /* FirebaseRemoteConfig */; };
		D25D64892B0A97BF0014D33C /* FirebaseRemoteConfigSwift in Frameworks */ = {isa = PBXBuildFile; productRef = D25D64882B0A97BF0014D33C /* FirebaseRemoteConfigSwift */; };
		D25D648B2B0A97BF0014D33C /* FirebaseStorage in Frameworks */ = {isa = PBXBuildFile; productRef = D25D648A2B0A97BF0014D33C /* FirebaseStorage */; };
		D25D648D2B0A97BF0014D33C /* FirebaseStorageCombine-Community in Frameworks */ = {isa = PBXBuildFile; productRef = D25D648C2B0A97BF0014D33C /* FirebaseStorageCombine-Community */; };
		D25D64912B0A9EC50014D33C /* AuthenticationView.swift in Sources */ = {isa = PBXBuildFile; fileRef = D25D64902B0A9EC50014D33C /* AuthenticationView.swift */; };
		D283F9952B4367A700F0767E /* UserManager.swift in Sources */ = {isa = PBXBuildFile; fileRef = D283F9942B4367A700F0767E /* UserManager.swift */; };
		D28864652B0AA30700D85D4F /* SignInEmailView.swift in Sources */ = {isa = PBXBuildFile; fileRef = D28864642B0AA30700D85D4F /* SignInEmailView.swift */; };
		D288646A2B0AA70F00D85D4F /* AuthenticationManager.swift in Sources */ = {isa = PBXBuildFile; fileRef = D28864692B0AA70F00D85D4F /* AuthenticationManager.swift */; };
		D29CD57A2B0A8E0100C68EE3 /* MazahVersion1App.swift in Sources */ = {isa = PBXBuildFile; fileRef = D29CD5792B0A8E0100C68EE3 /* MazahVersion1App.swift */; };
		D29CD57E2B0A8E0700C68EE3 /* Assets.xcassets in Resources */ = {isa = PBXBuildFile; fileRef = D29CD57D2B0A8E0700C68EE3 /* Assets.xcassets */; };
		D29CD5812B0A8E0700C68EE3 /* Preview Assets.xcassets in Resources */ = {isa = PBXBuildFile; fileRef = D29CD5802B0A8E0700C68EE3 /* Preview Assets.xcassets */; };
		D2F4ABBF2B39E76900494F89 /* AuthenticationViewModel.swift in Sources */ = {isa = PBXBuildFile; fileRef = D2F4ABBE2B39E76900494F89 /* AuthenticationViewModel.swift */; };
		D2F4ABC32B39E85F00494F89 /* SignInEmailViewModel.swift in Sources */ = {isa = PBXBuildFile; fileRef = D2F4ABC22B39E85F00494F89 /* SignInEmailViewModel.swift */; };
		F440F6632B443DAC00EC7F1C /* SeoulHangang.ttf in Resources */ = {isa = PBXBuildFile; fileRef = F440F6622B443DAC00EC7F1C /* SeoulHangang.ttf */; };
		F440F6652B443E2800EC7F1C /* RadioCanada.ttf in Resources */ = {isa = PBXBuildFile; fileRef = F440F6642B443E2800EC7F1C /* RadioCanada.ttf */; };
/* End PBXBuildFile section */

/* Begin PBXFileReference section */
		D20D0CB12B0E797C00DC1109 /* RootView.swift */ = {isa = PBXFileReference; lastKnownFileType = sourcecode.swift; path = RootView.swift; sourceTree = "<group>"; };
		D20D0CB32B0E7C2700DC1109 /* SettingsView.swift */ = {isa = PBXFileReference; lastKnownFileType = sourcecode.swift; path = SettingsView.swift; sourceTree = "<group>"; };
		D228AB992B17FAC60034E574 /* SettingViewModel.swift */ = {isa = PBXFileReference; lastKnownFileType = sourcecode.swift; path = SettingViewModel.swift; sourceTree = "<group>"; };
		D228AB9F2B17FB990034E574 /* ProfileView.swift */ = {isa = PBXFileReference; lastKnownFileType = sourcecode.swift; path = ProfileView.swift; sourceTree = "<group>"; };
		D228ABA12B17FE460034E574 /* FirstView.swift */ = {isa = PBXFileReference; lastKnownFileType = sourcecode.swift; path = FirstView.swift; sourceTree = "<group>"; };
		D25D64552B0A93C30014D33C /* GoogleService-Info.plist */ = {isa = PBXFileReference; fileEncoding = 4; lastKnownFileType = text.plist.xml; path = "GoogleService-Info.plist"; sourceTree = "<group>"; };
		D25D64902B0A9EC50014D33C /* AuthenticationView.swift */ = {isa = PBXFileReference; lastKnownFileType = sourcecode.swift; name = AuthenticationView.swift; path = "../New Group/AuthenticationView.swift"; sourceTree = "<group>"; };
		D283F9942B4367A700F0767E /* UserManager.swift */ = {isa = PBXFileReference; lastKnownFileType = sourcecode.swift; path = UserManager.swift; sourceTree = "<group>"; };
		D28864642B0AA30700D85D4F /* SignInEmailView.swift */ = {isa = PBXFileReference; lastKnownFileType = sourcecode.swift; path = SignInEmailView.swift; sourceTree = "<group>"; };
		D28864692B0AA70F00D85D4F /* AuthenticationManager.swift */ = {isa = PBXFileReference; lastKnownFileType = sourcecode.swift; path = AuthenticationManager.swift; sourceTree = "<group>"; };
		D29CD5762B0A8E0100C68EE3 /* MazahVersion1.app */ = {isa = PBXFileReference; explicitFileType = wrapper.application; includeInIndex = 0; path = MazahVersion1.app; sourceTree = BUILT_PRODUCTS_DIR; };
		D29CD5792B0A8E0100C68EE3 /* MazahVersion1App.swift */ = {isa = PBXFileReference; lastKnownFileType = sourcecode.swift; path = MazahVersion1App.swift; sourceTree = "<group>"; };
		D29CD57D2B0A8E0700C68EE3 /* Assets.xcassets */ = {isa = PBXFileReference; lastKnownFileType = folder.assetcatalog; path = Assets.xcassets; sourceTree = "<group>"; };
		D29CD5802B0A8E0700C68EE3 /* Preview Assets.xcassets */ = {isa = PBXFileReference; lastKnownFileType = folder.assetcatalog; path = "Preview Assets.xcassets"; sourceTree = "<group>"; };
		D2F4ABBE2B39E76900494F89 /* AuthenticationViewModel.swift */ = {isa = PBXFileReference; lastKnownFileType = sourcecode.swift; path = AuthenticationViewModel.swift; sourceTree = "<group>"; };
		D2F4ABC22B39E85F00494F89 /* SignInEmailViewModel.swift */ = {isa = PBXFileReference; lastKnownFileType = sourcecode.swift; path = SignInEmailViewModel.swift; sourceTree = "<group>"; };
		F440F6622B443DAC00EC7F1C /* SeoulHangang.ttf */ = {isa = PBXFileReference; lastKnownFileType = file; path = SeoulHangang.ttf; sourceTree = "<group>"; };
		F440F6642B443E2800EC7F1C /* RadioCanada.ttf */ = {isa = PBXFileReference; lastKnownFileType = file; path = RadioCanada.ttf; sourceTree = "<group>"; };
/* End PBXFileReference section */

/* Begin PBXFrameworksBuildPhase section */
		D29CD5732B0A8E0100C68EE3 /* Frameworks */ = {
			isa = PBXFrameworksBuildPhase;
			buildActionMask = 2147483647;
			files = (
				D25D646B2B0A97BF0014D33C /* FirebaseDatabase in Frameworks */,
				D25D64792B0A97BF0014D33C /* FirebaseFunctionsCombine-Community in Frameworks */,
				D25D64712B0A97BF0014D33C /* FirebaseFirestore in Frameworks */,
				D25D645D2B0A97BF0014D33C /* FirebaseAnalyticsSwift in Frameworks */,
				D25D64592B0A97BF0014D33C /* FirebaseAnalytics in Frameworks */,
				D25D645B2B0A97BF0014D33C /* FirebaseAnalyticsOnDeviceConversion in Frameworks */,
				D25D64812B0A97BF0014D33C /* FirebaseMLModelDownloader in Frameworks */,
				D25D64752B0A97BF0014D33C /* FirebaseFirestoreSwift in Frameworks */,
				D25D64612B0A97BF0014D33C /* FirebaseAppCheck in Frameworks */,
				D25D645F2B0A97BF0014D33C /* FirebaseAnalyticsWithoutAdIdSupport in Frameworks */,
				D25D64652B0A97BF0014D33C /* FirebaseAuth in Frameworks */,
				D25D64692B0A97BF0014D33C /* FirebaseCrashlytics in Frameworks */,
				D25D64892B0A97BF0014D33C /* FirebaseRemoteConfigSwift in Frameworks */,
				D25D647B2B0A97BF0014D33C /* FirebaseInAppMessaging-Beta in Frameworks */,
				D25D646D2B0A97BF0014D33C /* FirebaseDatabaseSwift in Frameworks */,
				D25D64772B0A97BF0014D33C /* FirebaseFunctions in Frameworks */,
				D25D648D2B0A97BF0014D33C /* FirebaseStorageCombine-Community in Frameworks */,
				D25D64872B0A97BF0014D33C /* FirebaseRemoteConfig in Frameworks */,
				D25D64632B0A97BF0014D33C /* FirebaseAppDistribution-Beta in Frameworks */,
				D25D64672B0A97BF0014D33C /* FirebaseAuthCombine-Community in Frameworks */,
				D25D64852B0A97BF0014D33C /* FirebasePerformance in Frameworks */,
				D25D647D2B0A97BF0014D33C /* FirebaseInAppMessagingSwift-Beta in Frameworks */,
				D25D648B2B0A97BF0014D33C /* FirebaseStorage in Frameworks */,
				D25D646F2B0A97BF0014D33C /* FirebaseDynamicLinks in Frameworks */,
				D25D64732B0A97BF0014D33C /* FirebaseFirestoreCombine-Community in Frameworks */,
				D25D64832B0A97BF0014D33C /* FirebaseMessaging in Frameworks */,
				D25D647F2B0A97BF0014D33C /* FirebaseInstallations in Frameworks */,
			);
			runOnlyForDeploymentPostprocessing = 0;
		};
/* End PBXFrameworksBuildPhase section */

/* Begin PBXGroup section */
		D228AB962B17FA410034E574 /* Frameworks */ = {
			isa = PBXGroup;
			children = (
			);
			name = Frameworks;
			sourceTree = "<group>";
		};
		D228AB972B17FA940034E574 /* Core */ = {
			isa = PBXGroup;
			children = (
				D20D0CB12B0E797C00DC1109 /* RootView.swift */,
				D228ABA12B17FE460034E574 /* FirstView.swift */,
				D228AB9E2B17FB8A0034E574 /* Profile */,
				D2F4ABBD2B39E73500494F89 /* Authentication */,
				D228AB982B17FAAE0034E574 /* Settings */,
			);
			path = Core;
			sourceTree = "<group>";
		};
		D228AB982B17FAAE0034E574 /* Settings */ = {
			isa = PBXGroup;
			children = (
				D20D0CB32B0E7C2700DC1109 /* SettingsView.swift */,
				D228AB992B17FAC60034E574 /* SettingViewModel.swift */,
			);
			name = Settings;
			path = ../Settings;
			sourceTree = "<group>";
		};
		D228AB9E2B17FB8A0034E574 /* Profile */ = {
			isa = PBXGroup;
			children = (
				D228AB9F2B17FB990034E574 /* ProfileView.swift */,
			);
			name = Profile;
			path = ../Profile;
			sourceTree = "<group>";
		};
		D283F9932B43676F00F0767E /* Firestore */ = {
			isa = PBXGroup;
			children = (
				D283F9942B4367A700F0767E /* UserManager.swift */,
			);
			name = Firestore;
			path = Core;
			sourceTree = "<group>";
		};
		D28864682B0AA6B300D85D4F /* Authentication */ = {
			isa = PBXGroup;
			children = (
				D28864692B0AA70F00D85D4F /* AuthenticationManager.swift */,
			);
			name = Authentication;
			path = "New Group";
			sourceTree = "<group>";
		};
		D29CD56D2B0A8E0100C68EE3 = {
			isa = PBXGroup;
			children = (
				F440F6642B443E2800EC7F1C /* RadioCanada.ttf */,
				F440F6622B443DAC00EC7F1C /* SeoulHangang.ttf */,
				D29CD5782B0A8E0100C68EE3 /* MazahVersion1 */,
				D29CD5772B0A8E0100C68EE3 /* Products */,
				D228AB962B17FA410034E574 /* Frameworks */,
			);
			sourceTree = "<group>";
		};
		D29CD5772B0A8E0100C68EE3 /* Products */ = {
			isa = PBXGroup;
			children = (
				D29CD5762B0A8E0100C68EE3 /* MazahVersion1.app */,
			);
			name = Products;
			sourceTree = "<group>";
		};
		D29CD5782B0A8E0100C68EE3 /* MazahVersion1 */ = {
			isa = PBXGroup;
			children = (
				D29CD5792B0A8E0100C68EE3 /* MazahVersion1App.swift */,
				D283F9932B43676F00F0767E /* Firestore */,
				D228AB972B17FA940034E574 /* Core */,
				D28864682B0AA6B300D85D4F /* Authentication */,
				D25D64552B0A93C30014D33C /* GoogleService-Info.plist */,
				D29CD57D2B0A8E0700C68EE3 /* Assets.xcassets */,
				D29CD57F2B0A8E0700C68EE3 /* Preview Content */,
			);
			path = MazahVersion1;
			sourceTree = "<group>";
		};
		D29CD57F2B0A8E0700C68EE3 /* Preview Content */ = {
			isa = PBXGroup;
			children = (
				D29CD5802B0A8E0700C68EE3 /* Preview Assets.xcassets */,
			);
			path = "Preview Content";
			sourceTree = "<group>";
		};
		D2F4ABBD2B39E73500494F89 /* Authentication */ = {
			isa = PBXGroup;
			children = (
				D25D64902B0A9EC50014D33C /* AuthenticationView.swift */,
				D2F4ABBE2B39E76900494F89 /* AuthenticationViewModel.swift */,
				D2F4ABC12B39E81F00494F89 /* Subviews */,
			);
			name = Authentication;
			sourceTree = "<group>";
		};
		D2F4ABC12B39E81F00494F89 /* Subviews */ = {
			isa = PBXGroup;
			children = (
				D28864642B0AA30700D85D4F /* SignInEmailView.swift */,
				D2F4ABC22B39E85F00494F89 /* SignInEmailViewModel.swift */,
			);
			name = Subviews;
			sourceTree = "<group>";
		};
/* End PBXGroup section */

/* Begin PBXNativeTarget section */
		D29CD5752B0A8E0100C68EE3 /* MazahVersion1 */ = {
			isa = PBXNativeTarget;
			buildConfigurationList = D29CD5842B0A8E0700C68EE3 /* Build configuration list for PBXNativeTarget "MazahVersion1" */;
			buildPhases = (
				D29CD5722B0A8E0100C68EE3 /* Sources */,
				D29CD5732B0A8E0100C68EE3 /* Frameworks */,
				D29CD5742B0A8E0100C68EE3 /* Resources */,
			);
			buildRules = (
			);
			dependencies = (
			);
			name = MazahVersion1;
			packageProductDependencies = (
				D25D64582B0A97BF0014D33C /* FirebaseAnalytics */,
				D25D645A2B0A97BF0014D33C /* FirebaseAnalyticsOnDeviceConversion */,
				D25D645C2B0A97BF0014D33C /* FirebaseAnalyticsSwift */,
				D25D645E2B0A97BF0014D33C /* FirebaseAnalyticsWithoutAdIdSupport */,
				D25D64602B0A97BF0014D33C /* FirebaseAppCheck */,
				D25D64622B0A97BF0014D33C /* FirebaseAppDistribution-Beta */,
				D25D64642B0A97BF0014D33C /* FirebaseAuth */,
				D25D64662B0A97BF0014D33C /* FirebaseAuthCombine-Community */,
				D25D64682B0A97BF0014D33C /* FirebaseCrashlytics */,
				D25D646A2B0A97BF0014D33C /* FirebaseDatabase */,
				D25D646C2B0A97BF0014D33C /* FirebaseDatabaseSwift */,
				D25D646E2B0A97BF0014D33C /* FirebaseDynamicLinks */,
				D25D64702B0A97BF0014D33C /* FirebaseFirestore */,
				D25D64722B0A97BF0014D33C /* FirebaseFirestoreCombine-Community */,
				D25D64742B0A97BF0014D33C /* FirebaseFirestoreSwift */,
				D25D64762B0A97BF0014D33C /* FirebaseFunctions */,
				D25D64782B0A97BF0014D33C /* FirebaseFunctionsCombine-Community */,
				D25D647A2B0A97BF0014D33C /* FirebaseInAppMessaging-Beta */,
				D25D647C2B0A97BF0014D33C /* FirebaseInAppMessagingSwift-Beta */,
				D25D647E2B0A97BF0014D33C /* FirebaseInstallations */,
				D25D64802B0A97BF0014D33C /* FirebaseMLModelDownloader */,
				D25D64822B0A97BF0014D33C /* FirebaseMessaging */,
				D25D64842B0A97BF0014D33C /* FirebasePerformance */,
				D25D64862B0A97BF0014D33C /* FirebaseRemoteConfig */,
				D25D64882B0A97BF0014D33C /* FirebaseRemoteConfigSwift */,
				D25D648A2B0A97BF0014D33C /* FirebaseStorage */,
				D25D648C2B0A97BF0014D33C /* FirebaseStorageCombine-Community */,
			);
			productName = MazahVersion1;
			productReference = D29CD5762B0A8E0100C68EE3 /* MazahVersion1.app */;
			productType = "com.apple.product-type.application";
		};
/* End PBXNativeTarget section */

/* Begin PBXProject section */
		D29CD56E2B0A8E0100C68EE3 /* Project object */ = {
			isa = PBXProject;
			attributes = {
				BuildIndependentTargetsInParallel = 1;
				LastSwiftUpdateCheck = 1500;
				LastUpgradeCheck = 1500;
				TargetAttributes = {
					D29CD5752B0A8E0100C68EE3 = {
						CreatedOnToolsVersion = 15.0.1;
					};
				};
			};
			buildConfigurationList = D29CD5712B0A8E0100C68EE3 /* Build configuration list for PBXProject "MazahVersion1" */;
			compatibilityVersion = "Xcode 14.0";
			developmentRegion = en;
			hasScannedForEncodings = 0;
			knownRegions = (
				en,
				Base,
			);
			mainGroup = D29CD56D2B0A8E0100C68EE3;
			packageReferences = (
				D25D64572B0A97BF0014D33C /* XCRemoteSwiftPackageReference "firebase-ios-sdk" */,
			);
			productRefGroup = D29CD5772B0A8E0100C68EE3 /* Products */;
			projectDirPath = "";
			projectRoot = "";
			targets = (
				D29CD5752B0A8E0100C68EE3 /* MazahVersion1 */,
			);
		};
/* End PBXProject section */

/* Begin PBXResourcesBuildPhase section */
		D29CD5742B0A8E0100C68EE3 /* Resources */ = {
			isa = PBXResourcesBuildPhase;
			buildActionMask = 2147483647;
			files = (
				F440F6632B443DAC00EC7F1C /* SeoulHangang.ttf in Resources */,
				F440F6652B443E2800EC7F1C /* RadioCanada.ttf in Resources */,
				D29CD5812B0A8E0700C68EE3 /* Preview Assets.xcassets in Resources */,
				D29CD57E2B0A8E0700C68EE3 /* Assets.xcassets in Resources */,
				D25D64562B0A93C30014D33C /* GoogleService-Info.plist in Resources */,
			);
			runOnlyForDeploymentPostprocessing = 0;
		};
/* End PBXResourcesBuildPhase section */

/* Begin PBXSourcesBuildPhase section */
		D29CD5722B0A8E0100C68EE3 /* Sources */ = {
			isa = PBXSourcesBuildPhase;
			buildActionMask = 2147483647;
			files = (
				D20D0CB42B0E7C2700DC1109 /* SettingsView.swift in Sources */,
				D228ABA02B17FB990034E574 /* ProfileView.swift in Sources */,
				D29CD57A2B0A8E0100C68EE3 /* MazahVersion1App.swift in Sources */,
				D228AB9A2B17FAC60034E574 /* SettingViewModel.swift in Sources */,
				D20D0CB22B0E797C00DC1109 /* RootView.swift in Sources */,
				D25D64912B0A9EC50014D33C /* AuthenticationView.swift in Sources */,
				D283F9952B4367A700F0767E /* UserManager.swift in Sources */,
				D2F4ABBF2B39E76900494F89 /* AuthenticationViewModel.swift in Sources */,
				D2F4ABC32B39E85F00494F89 /* SignInEmailViewModel.swift in Sources */,
				D288646A2B0AA70F00D85D4F /* AuthenticationManager.swift in Sources */,
				D228ABA22B17FE460034E574 /* FirstView.swift in Sources */,
				D28864652B0AA30700D85D4F /* SignInEmailView.swift in Sources */,
			);
			runOnlyForDeploymentPostprocessing = 0;
		};
/* End PBXSourcesBuildPhase section */

/* Begin XCBuildConfiguration section */
		D29CD5822B0A8E0700C68EE3 /* Debug */ = {
			isa = XCBuildConfiguration;
			buildSettings = {
				ALWAYS_SEARCH_USER_PATHS = NO;
				ASSETCATALOG_COMPILER_GENERATE_SWIFT_ASSET_SYMBOL_EXTENSIONS = YES;
				CLANG_ANALYZER_NONNULL = YES;
				CLANG_ANALYZER_NUMBER_OBJECT_CONVERSION = YES_AGGRESSIVE;
				CLANG_CXX_LANGUAGE_STANDARD = "gnu++20";
				CLANG_ENABLE_MODULES = YES;
				CLANG_ENABLE_OBJC_ARC = YES;
				CLANG_ENABLE_OBJC_WEAK = YES;
				CLANG_WARN_BLOCK_CAPTURE_AUTORELEASING = YES;
				CLANG_WARN_BOOL_CONVERSION = YES;
				CLANG_WARN_COMMA = YES;
				CLANG_WARN_CONSTANT_CONVERSION = YES;
				CLANG_WARN_DEPRECATED_OBJC_IMPLEMENTATIONS = YES;
				CLANG_WARN_DIRECT_OBJC_ISA_USAGE = YES_ERROR;
				CLANG_WARN_DOCUMENTATION_COMMENTS = YES;
				CLANG_WARN_EMPTY_BODY = YES;
				CLANG_WARN_ENUM_CONVERSION = YES;
				CLANG_WARN_INFINITE_RECURSION = YES;
				CLANG_WARN_INT_CONVERSION = YES;
				CLANG_WARN_NON_LITERAL_NULL_CONVERSION = YES;
				CLANG_WARN_OBJC_IMPLICIT_RETAIN_SELF = YES;
				CLANG_WARN_OBJC_LITERAL_CONVERSION = YES;
				CLANG_WARN_OBJC_ROOT_CLASS = YES_ERROR;
				CLANG_WARN_QUOTED_INCLUDE_IN_FRAMEWORK_HEADER = YES;
				CLANG_WARN_RANGE_LOOP_ANALYSIS = YES;
				CLANG_WARN_STRICT_PROTOTYPES = YES;
				CLANG_WARN_SUSPICIOUS_MOVE = YES;
				CLANG_WARN_UNGUARDED_AVAILABILITY = YES_AGGRESSIVE;
				CLANG_WARN_UNREACHABLE_CODE = YES;
				CLANG_WARN__DUPLICATE_METHOD_MATCH = YES;
				COPY_PHASE_STRIP = NO;
				DEBUG_INFORMATION_FORMAT = dwarf;
				ENABLE_STRICT_OBJC_MSGSEND = YES;
				ENABLE_TESTABILITY = YES;
				ENABLE_USER_SCRIPT_SANDBOXING = YES;
				GCC_C_LANGUAGE_STANDARD = gnu17;
				GCC_DYNAMIC_NO_PIC = NO;
				GCC_NO_COMMON_BLOCKS = YES;
				GCC_OPTIMIZATION_LEVEL = 0;
				GCC_PREPROCESSOR_DEFINITIONS = (
					"DEBUG=1",
					"$(inherited)",
				);
				GCC_WARN_64_TO_32_BIT_CONVERSION = YES;
				GCC_WARN_ABOUT_RETURN_TYPE = YES_ERROR;
				GCC_WARN_UNDECLARED_SELECTOR = YES;
				GCC_WARN_UNINITIALIZED_AUTOS = YES_AGGRESSIVE;
				GCC_WARN_UNUSED_FUNCTION = YES;
				GCC_WARN_UNUSED_VARIABLE = YES;
				IPHONEOS_DEPLOYMENT_TARGET = 17.0;
				LOCALIZATION_PREFERS_STRING_CATALOGS = YES;
				MTL_ENABLE_DEBUG_INFO = INCLUDE_SOURCE;
				MTL_FAST_MATH = YES;
				ONLY_ACTIVE_ARCH = YES;
				SDKROOT = iphoneos;
				SWIFT_ACTIVE_COMPILATION_CONDITIONS = "DEBUG $(inherited)";
				SWIFT_OPTIMIZATION_LEVEL = "-Onone";
			};
			name = Debug;
		};
		D29CD5832B0A8E0700C68EE3 /* Release */ = {
			isa = XCBuildConfiguration;
			buildSettings = {
				ALWAYS_SEARCH_USER_PATHS = NO;
				ASSETCATALOG_COMPILER_GENERATE_SWIFT_ASSET_SYMBOL_EXTENSIONS = YES;
				CLANG_ANALYZER_NONNULL = YES;
				CLANG_ANALYZER_NUMBER_OBJECT_CONVERSION = YES_AGGRESSIVE;
				CLANG_CXX_LANGUAGE_STANDARD = "gnu++20";
				CLANG_ENABLE_MODULES = YES;
				CLANG_ENABLE_OBJC_ARC = YES;
				CLANG_ENABLE_OBJC_WEAK = YES;
				CLANG_WARN_BLOCK_CAPTURE_AUTORELEASING = YES;
				CLANG_WARN_BOOL_CONVERSION = YES;
				CLANG_WARN_COMMA = YES;
				CLANG_WARN_CONSTANT_CONVERSION = YES;
				CLANG_WARN_DEPRECATED_OBJC_IMPLEMENTATIONS = YES;
				CLANG_WARN_DIRECT_OBJC_ISA_USAGE = YES_ERROR;
				CLANG_WARN_DOCUMENTATION_COMMENTS = YES;
				CLANG_WARN_EMPTY_BODY = YES;
				CLANG_WARN_ENUM_CONVERSION = YES;
				CLANG_WARN_INFINITE_RECURSION = YES;
				CLANG_WARN_INT_CONVERSION = YES;
				CLANG_WARN_NON_LITERAL_NULL_CONVERSION = YES;
				CLANG_WARN_OBJC_IMPLICIT_RETAIN_SELF = YES;
				CLANG_WARN_OBJC_LITERAL_CONVERSION = YES;
				CLANG_WARN_OBJC_ROOT_CLASS = YES_ERROR;
				CLANG_WARN_QUOTED_INCLUDE_IN_FRAMEWORK_HEADER = YES;
				CLANG_WARN_RANGE_LOOP_ANALYSIS = YES;
				CLANG_WARN_STRICT_PROTOTYPES = YES;
				CLANG_WARN_SUSPICIOUS_MOVE = YES;
				CLANG_WARN_UNGUARDED_AVAILABILITY = YES_AGGRESSIVE;
				CLANG_WARN_UNREACHABLE_CODE = YES;
				CLANG_WARN__DUPLICATE_METHOD_MATCH = YES;
				COPY_PHASE_STRIP = NO;
				DEBUG_INFORMATION_FORMAT = "dwarf-with-dsym";
				ENABLE_NS_ASSERTIONS = NO;
				ENABLE_STRICT_OBJC_MSGSEND = YES;
				ENABLE_USER_SCRIPT_SANDBOXING = YES;
				GCC_C_LANGUAGE_STANDARD = gnu17;
				GCC_NO_COMMON_BLOCKS = YES;
				GCC_WARN_64_TO_32_BIT_CONVERSION = YES;
				GCC_WARN_ABOUT_RETURN_TYPE = YES_ERROR;
				GCC_WARN_UNDECLARED_SELECTOR = YES;
				GCC_WARN_UNINITIALIZED_AUTOS = YES_AGGRESSIVE;
				GCC_WARN_UNUSED_FUNCTION = YES;
				GCC_WARN_UNUSED_VARIABLE = YES;
				IPHONEOS_DEPLOYMENT_TARGET = 17.0;
				LOCALIZATION_PREFERS_STRING_CATALOGS = YES;
				MTL_ENABLE_DEBUG_INFO = NO;
				MTL_FAST_MATH = YES;
				SDKROOT = iphoneos;
				SWIFT_COMPILATION_MODE = wholemodule;
				VALIDATE_PRODUCT = YES;
			};
			name = Release;
		};
		D29CD5852B0A8E0700C68EE3 /* Debug */ = {
			isa = XCBuildConfiguration;
			buildSettings = {
				ASSETCATALOG_COMPILER_APPICON_NAME = AppIcon;
				ASSETCATALOG_COMPILER_GLOBAL_ACCENT_COLOR_NAME = AccentColor;
				CODE_SIGN_STYLE = Automatic;
				CURRENT_PROJECT_VERSION = 1;
				DEVELOPMENT_ASSET_PATHS = "\"MazahVersion1/Preview Content\"";
				DEVELOPMENT_TEAM = 43R5GX99UB;
				ENABLE_PREVIEWS = YES;
				GENERATE_INFOPLIST_FILE = YES;
				INFOPLIST_KEY_UIApplicationSceneManifest_Generation = YES;
				INFOPLIST_KEY_UIApplicationSupportsIndirectInputEvents = YES;
				INFOPLIST_KEY_UILaunchScreen_Generation = YES;
				INFOPLIST_KEY_UISupportedInterfaceOrientations_iPad = "UIInterfaceOrientationPortrait UIInterfaceOrientationPortraitUpsideDown UIInterfaceOrientationLandscapeLeft UIInterfaceOrientationLandscapeRight";
				INFOPLIST_KEY_UISupportedInterfaceOrientations_iPhone = "UIInterfaceOrientationPortrait UIInterfaceOrientationLandscapeLeft UIInterfaceOrientationLandscapeRight";
				LD_RUNPATH_SEARCH_PATHS = (
					"$(inherited)",
					"@executable_path/Frameworks",
				);
				MARKETING_VERSION = 1.0;
				PRODUCT_BUNDLE_IDENTIFIER = Mazah.MazahVersion1;
				PRODUCT_NAME = "$(TARGET_NAME)";
				SWIFT_EMIT_LOC_STRINGS = YES;
				SWIFT_VERSION = 5.0;
				TARGETED_DEVICE_FAMILY = "1,2";
			};
			name = Debug;
		};
		D29CD5862B0A8E0700C68EE3 /* Release */ = {
			isa = XCBuildConfiguration;
			buildSettings = {
				ASSETCATALOG_COMPILER_APPICON_NAME = AppIcon;
				ASSETCATALOG_COMPILER_GLOBAL_ACCENT_COLOR_NAME = AccentColor;
				CODE_SIGN_STYLE = Automatic;
				CURRENT_PROJECT_VERSION = 1;
				DEVELOPMENT_ASSET_PATHS = "\"MazahVersion1/Preview Content\"";
				DEVELOPMENT_TEAM = 43R5GX99UB;
				ENABLE_PREVIEWS = YES;
				GENERATE_INFOPLIST_FILE = YES;
				INFOPLIST_KEY_UIApplicationSceneManifest_Generation = YES;
				INFOPLIST_KEY_UIApplicationSupportsIndirectInputEvents = YES;
				INFOPLIST_KEY_UILaunchScreen_Generation = YES;
				INFOPLIST_KEY_UISupportedInterfaceOrientations_iPad = "UIInterfaceOrientationPortrait UIInterfaceOrientationPortraitUpsideDown UIInterfaceOrientationLandscapeLeft UIInterfaceOrientationLandscapeRight";
				INFOPLIST_KEY_UISupportedInterfaceOrientations_iPhone = "UIInterfaceOrientationPortrait UIInterfaceOrientationLandscapeLeft UIInterfaceOrientationLandscapeRight";
				LD_RUNPATH_SEARCH_PATHS = (
					"$(inherited)",
					"@executable_path/Frameworks",
				);
				MARKETING_VERSION = 1.0;
				PRODUCT_BUNDLE_IDENTIFIER = Mazah.MazahVersion1;
				PRODUCT_NAME = "$(TARGET_NAME)";
				SWIFT_EMIT_LOC_STRINGS = YES;
				SWIFT_VERSION = 5.0;
				TARGETED_DEVICE_FAMILY = "1,2";
			};
			name = Release;
		};
/* End XCBuildConfiguration section */

/* Begin XCConfigurationList section */
		D29CD5712B0A8E0100C68EE3 /* Build configuration list for PBXProject "MazahVersion1" */ = {
			isa = XCConfigurationList;
			buildConfigurations = (
				D29CD5822B0A8E0700C68EE3 /* Debug */,
				D29CD5832B0A8E0700C68EE3 /* Release */,
			);
			defaultConfigurationIsVisible = 0;
			defaultConfigurationName = Release;
		};
		D29CD5842B0A8E0700C68EE3 /* Build configuration list for PBXNativeTarget "MazahVersion1" */ = {
			isa = XCConfigurationList;
			buildConfigurations = (
				D29CD5852B0A8E0700C68EE3 /* Debug */,
				D29CD5862B0A8E0700C68EE3 /* Release */,
			);
			defaultConfigurationIsVisible = 0;
			defaultConfigurationName = Release;
		};
/* End XCConfigurationList section */

/* Begin XCRemoteSwiftPackageReference section */
		D25D64572B0A97BF0014D33C /* XCRemoteSwiftPackageReference "firebase-ios-sdk" */ = {
			isa = XCRemoteSwiftPackageReference;
			repositoryURL = "https://github.com/firebase/firebase-ios-sdk.git";
			requirement = {
				kind = upToNextMajorVersion;
				minimumVersion = 10.18.0;
			};
		};
/* End XCRemoteSwiftPackageReference section */

/* Begin XCSwiftPackageProductDependency section */
		D25D64582B0A97BF0014D33C /* FirebaseAnalytics */ = {
			isa = XCSwiftPackageProductDependency;
			package = D25D64572B0A97BF0014D33C /* XCRemoteSwiftPackageReference "firebase-ios-sdk" */;
			productName = FirebaseAnalytics;
		};
		D25D645A2B0A97BF0014D33C /* FirebaseAnalyticsOnDeviceConversion */ = {
			isa = XCSwiftPackageProductDependency;
			package = D25D64572B0A97BF0014D33C /* XCRemoteSwiftPackageReference "firebase-ios-sdk" */;
			productName = FirebaseAnalyticsOnDeviceConversion;
		};
		D25D645C2B0A97BF0014D33C /* FirebaseAnalyticsSwift */ = {
			isa = XCSwiftPackageProductDependency;
			package = D25D64572B0A97BF0014D33C /* XCRemoteSwiftPackageReference "firebase-ios-sdk" */;
			productName = FirebaseAnalyticsSwift;
		};
		D25D645E2B0A97BF0014D33C /* FirebaseAnalyticsWithoutAdIdSupport */ = {
			isa = XCSwiftPackageProductDependency;
			package = D25D64572B0A97BF0014D33C /* XCRemoteSwiftPackageReference "firebase-ios-sdk" */;
			productName = FirebaseAnalyticsWithoutAdIdSupport;
		};
		D25D64602B0A97BF0014D33C /* FirebaseAppCheck */ = {
			isa = XCSwiftPackageProductDependency;
			package = D25D64572B0A97BF0014D33C /* XCRemoteSwiftPackageReference "firebase-ios-sdk" */;
			productName = FirebaseAppCheck;
		};
		D25D64622B0A97BF0014D33C /* FirebaseAppDistribution-Beta */ = {
			isa = XCSwiftPackageProductDependency;
			package = D25D64572B0A97BF0014D33C /* XCRemoteSwiftPackageReference "firebase-ios-sdk" */;
			productName = "FirebaseAppDistribution-Beta";
		};
		D25D64642B0A97BF0014D33C /* FirebaseAuth */ = {
			isa = XCSwiftPackageProductDependency;
			package = D25D64572B0A97BF0014D33C /* XCRemoteSwiftPackageReference "firebase-ios-sdk" */;
			productName = FirebaseAuth;
		};
		D25D64662B0A97BF0014D33C /* FirebaseAuthCombine-Community */ = {
			isa = XCSwiftPackageProductDependency;
			package = D25D64572B0A97BF0014D33C /* XCRemoteSwiftPackageReference "firebase-ios-sdk" */;
			productName = "FirebaseAuthCombine-Community";
		};
		D25D64682B0A97BF0014D33C /* FirebaseCrashlytics */ = {
			isa = XCSwiftPackageProductDependency;
			package = D25D64572B0A97BF0014D33C /* XCRemoteSwiftPackageReference "firebase-ios-sdk" */;
			productName = FirebaseCrashlytics;
		};
		D25D646A2B0A97BF0014D33C /* FirebaseDatabase */ = {
			isa = XCSwiftPackageProductDependency;
			package = D25D64572B0A97BF0014D33C /* XCRemoteSwiftPackageReference "firebase-ios-sdk" */;
			productName = FirebaseDatabase;
		};
		D25D646C2B0A97BF0014D33C /* FirebaseDatabaseSwift */ = {
			isa = XCSwiftPackageProductDependency;
			package = D25D64572B0A97BF0014D33C /* XCRemoteSwiftPackageReference "firebase-ios-sdk" */;
			productName = FirebaseDatabaseSwift;
		};
		D25D646E2B0A97BF0014D33C /* FirebaseDynamicLinks */ = {
			isa = XCSwiftPackageProductDependency;
			package = D25D64572B0A97BF0014D33C /* XCRemoteSwiftPackageReference "firebase-ios-sdk" */;
			productName = FirebaseDynamicLinks;
		};
		D25D64702B0A97BF0014D33C /* FirebaseFirestore */ = {
			isa = XCSwiftPackageProductDependency;
			package = D25D64572B0A97BF0014D33C /* XCRemoteSwiftPackageReference "firebase-ios-sdk" */;
			productName = FirebaseFirestore;
		};
		D25D64722B0A97BF0014D33C /* FirebaseFirestoreCombine-Community */ = {
			isa = XCSwiftPackageProductDependency;
			package = D25D64572B0A97BF0014D33C /* XCRemoteSwiftPackageReference "firebase-ios-sdk" */;
			productName = "FirebaseFirestoreCombine-Community";
		};
		D25D64742B0A97BF0014D33C /* FirebaseFirestoreSwift */ = {
			isa = XCSwiftPackageProductDependency;
			package = D25D64572B0A97BF0014D33C /* XCRemoteSwiftPackageReference "firebase-ios-sdk" */;
			productName = FirebaseFirestoreSwift;
		};
		D25D64762B0A97BF0014D33C /* FirebaseFunctions */ = {
			isa = XCSwiftPackageProductDependency;
			package = D25D64572B0A97BF0014D33C /* XCRemoteSwiftPackageReference "firebase-ios-sdk" */;
			productName = FirebaseFunctions;
		};
		D25D64782B0A97BF0014D33C /* FirebaseFunctionsCombine-Community */ = {
			isa = XCSwiftPackageProductDependency;
			package = D25D64572B0A97BF0014D33C /* XCRemoteSwiftPackageReference "firebase-ios-sdk" */;
			productName = "FirebaseFunctionsCombine-Community";
		};
		D25D647A2B0A97BF0014D33C /* FirebaseInAppMessaging-Beta */ = {
			isa = XCSwiftPackageProductDependency;
			package = D25D64572B0A97BF0014D33C /* XCRemoteSwiftPackageReference "firebase-ios-sdk" */;
			productName = "FirebaseInAppMessaging-Beta";
		};
		D25D647C2B0A97BF0014D33C /* FirebaseInAppMessagingSwift-Beta */ = {
			isa = XCSwiftPackageProductDependency;
			package = D25D64572B0A97BF0014D33C /* XCRemoteSwiftPackageReference "firebase-ios-sdk" */;
			productName = "FirebaseInAppMessagingSwift-Beta";
		};
		D25D647E2B0A97BF0014D33C /* FirebaseInstallations */ = {
			isa = XCSwiftPackageProductDependency;
			package = D25D64572B0A97BF0014D33C /* XCRemoteSwiftPackageReference "firebase-ios-sdk" */;
			productName = FirebaseInstallations;
		};
		D25D64802B0A97BF0014D33C /* FirebaseMLModelDownloader */ = {
			isa = XCSwiftPackageProductDependency;
			package = D25D64572B0A97BF0014D33C /* XCRemoteSwiftPackageReference "firebase-ios-sdk" */;
			productName = FirebaseMLModelDownloader;
		};
		D25D64822B0A97BF0014D33C /* FirebaseMessaging */ = {
			isa = XCSwiftPackageProductDependency;
			package = D25D64572B0A97BF0014D33C /* XCRemoteSwiftPackageReference "firebase-ios-sdk" */;
			productName = FirebaseMessaging;
		};
		D25D64842B0A97BF0014D33C /* FirebasePerformance */ = {
			isa = XCSwiftPackageProductDependency;
			package = D25D64572B0A97BF0014D33C /* XCRemoteSwiftPackageReference "firebase-ios-sdk" */;
			productName = FirebasePerformance;
		};
		D25D64862B0A97BF0014D33C /* FirebaseRemoteConfig */ = {
			isa = XCSwiftPackageProductDependency;
			package = D25D64572B0A97BF0014D33C /* XCRemoteSwiftPackageReference "firebase-ios-sdk" */;
			productName = FirebaseRemoteConfig;
		};
		D25D64882B0A97BF0014D33C /* FirebaseRemoteConfigSwift */ = {
			isa = XCSwiftPackageProductDependency;
			package = D25D64572B0A97BF0014D33C /* XCRemoteSwiftPackageReference "firebase-ios-sdk" */;
			productName = FirebaseRemoteConfigSwift;
		};
		D25D648A2B0A97BF0014D33C /* FirebaseStorage */ = {
			isa = XCSwiftPackageProductDependency;
			package = D25D64572B0A97BF0014D33C /* XCRemoteSwiftPackageReference "firebase-ios-sdk" */;
			productName = FirebaseStorage;
		};
		D25D648C2B0A97BF0014D33C /* FirebaseStorageCombine-Community */ = {
			isa = XCSwiftPackageProductDependency;
			package = D25D64572B0A97BF0014D33C /* XCRemoteSwiftPackageReference "firebase-ios-sdk" */;
			productName = "FirebaseStorageCombine-Community";
		};
/* End XCSwiftPackageProductDependency section */
	};
	rootObject = D29CD56E2B0A8E0100C68EE3 /* Project object */;
}
